{
  "name": "tif-sigma-fe",
  "lockfileVersion": 3,
  "requires": true,
  "packages": {
    "packages/demo": {
      "name": "@sigma/demo",
      "extraneous": true,
      "dependencies": {
        "@react-sigma/core": "^5.0.1",
        "@sigma/node-image": ">=3.0.0",
        "graphology": "^0.25.4",
        "graphology-layout-forceatlas2": "^0.10.1",
        "graphology-types": "^0.24.8",
        "lodash": "^4.17.21",
        "lucide-react": "^0.553.0",
        "maplibre-gl": "^4.7.1",
        "papaparse": "^5.5.3",
        "react": "^19.0.0",
        "react-animate-height": "^3.2.3",
        "react-dom": "^19.0.0",
        "react-icons": "^5.5.0",
        "react-router-dom": "^7.9.5",
        "recharts": "^3.4.1"
      },
      "devDependencies": {
        "@types/lodash": "^4.17.14",
        "@types/node": "^22.10.7",
        "@types/papaparse": "^5.5.0",
        "@types/react": "^19.0.7",
        "@types/react-dom": "^19.0.3",
        "@types/react-router-dom": "^5.3.3",
        "@vitejs/plugin-react": "^4.3.4",
        "typescript": "^5.7.3",
        "vite": "^6.0.7",
        "vite-plugin-checker": "^0.8.0",
        "vite-tsconfig-paths": "^5.1.4"
      },
      "peerDependencies": {
        "sigma": ">=3.0.0-beta.33"
      }
    },
    "packages/edge-curve": {
      "name": "@sigma/edge-curve",
      "version": "3.1.0",
      "extraneous": true,
      "license": "MIT",
      "peerDependencies": {
        "sigma": ">=3.0.0-beta.10"
      }
    },
    "packages/export-image": {
      "name": "@sigma/export-image",
      "version": "3.0.0",
      "extraneous": true,
      "license": "MIT",
      "dependencies": {
        "file-saver": "^2.0.5"
      },
      "devDependencies": {
        "@types/file-saver": "^2.0.7"
      },
      "peerDependencies": {
        "sigma": ">=3.0.0-beta.10"
      }
    },
    "packages/layer-leaflet": {
      "name": "@sigma/layer-leaflet",
      "version": "3.0.0",
      "extraneous": true,
      "license": "MIT",
      "devDependencies": {
        "@types/leaflet": "^1.9.12"
      },
      "peerDependencies": {
        "leaflet": "^1.9.4",
        "sigma": ">=3.0.0-beta.10"
      }
    },
    "packages/layer-maplibre": {
      "name": "@sigma/layer-maplibre",
      "version": "3.0.0",
      "extraneous": true,
      "license": "MIT",
      "peerDependencies": {
        "maplibre-gl": "^4.5.0",
        "sigma": ">=3.0.0-beta.10"
      }
    },
    "packages/layer-webgl": {
      "name": "@sigma/layer-webgl",
      "version": "3.0.0",
      "extraneous": true,
      "license": "MIT",
      "peerDependencies": {
        "sigma": ">=3.0.0-beta.24"
      }
    },
    "packages/node-border": {
      "name": "@sigma/node-border",
      "version": "3.0.0",
      "extraneous": true,
      "license": "MIT",
      "peerDependencies": {
        "sigma": ">=3.0.0-beta.17"
      }
    },
    "packages/node-image": {
      "name": "@sigma/node-image",
      "version": "3.0.0",
      "extraneous": true,
      "license": "MIT",
      "peerDependencies": {
        "sigma": ">=3.0.0-beta.10"
      }
    },
    "packages/node-piechart": {
      "name": "@sigma/node-piechart",
      "version": "3.0.0",
      "extraneous": true,
      "license": "MIT",
      "peerDependencies": {
        "sigma": ">=3.0.0-beta.17"
      }
    },
    "packages/node-square": {
      "name": "@sigma/node-square",
      "version": "3.0.0",
      "extraneous": true,
      "license": "MIT",
      "peerDependencies": {
        "sigma": ">=3.0.0-beta.17"
      }
    },
    "packages/sigma": {
      "version": "3.0.2",
      "extraneous": true,
      "license": "MIT",
      "dependencies": {
        "events": "^3.3.0",
        "graphology-utils": "^2.5.2"
      },
      "devDependencies": {
        "vite": "^6.0.7"
      }
    },
    "packages/storybook": {
      "name": "@sigma/storybook",
      "extraneous": true,
      "dependencies": {
        "@types/chroma-js": "^3.1.1",
        "@types/papaparse": "^5.3.15",
        "@types/seedrandom": "^3.0.8",
        "chroma-js": "^3.1.2",
        "graphology": "^0.26.0",
        "graphology-communities-louvain": "^2.0.2",
        "graphology-components": "^1.5.4",
        "graphology-generators": "^0.11.2",
        "graphology-gexf": "^0.13.2",
        "graphology-layout": "^0.6.1",
        "graphology-layout-force": "^0.2.4",
        "graphology-layout-forceatlas2": "^0.10.1",
        "graphology-types": "^0.24.8",
        "iwanthue": "^2.0.0",
        "jsonld": "^8.3.3",
        "papaparse": "^5.5.2",
        "seedrandom": "^3.0.5",
        "uuid": "^11.0.5"
      },
      "devDependencies": {
        "@storybook/addon-essentials": "8.4.7",
        "@storybook/addon-storysource": "8.4.7",
        "@storybook/html": "8.4.7",
        "@storybook/html-vite": "8.4.7",
        "@storybook/manager-api": "8.4.7",
        "@storybook/theming": "8.4.7",
        "@storybook/web-components": "8.4.7",
        "@types/jsonld": "^1.5.15",
        "storybook": "8.4.7"
      }
    },
    "packages/template": {
      "name": "@sigma/template",
      "version": "0.0.1-alpha.0",
      "extraneous": true,
      "license": "MIT"
    },
    "packages/test": {
      "name": "@sigma/test",
      "extraneous": true,
      "dependencies": {
        "@playwright/test": "^1.49.1",
        "@vitest/browser": "^2.1.8",
        "playwright": "^1.49.1",
        "vite": "^6.0.7",
        "vitest": "^2.1.8"
      }
    },
    "packages/utils": {
      "name": "@sigma/utils",
      "version": "3.0.0",
      "extraneous": true,
      "license": "MIT",
      "peerDependencies": {
        "sigma": ">=3.0.0-beta.29"
      }
    },
    "packages/website": {
      "name": "@sigma/website",
      "extraneous": true,
      "dependencies": {
        "@docusaurus/core": "^3.7.0",
        "@docusaurus/module-type-aliases": "^3.7.0",
        "@docusaurus/preset-classic": "^3.7.0",
        "@docusaurus/types": "^3.7.0",
        "@mdx-js/react": "^3.1.0",
        "@tsconfig/docusaurus": "^2.0.3",
        "docusaurus-plugin-matomo": "^0.0.8",
        "docusaurus-plugin-typedoc": "^1.2.1",
        "prism-react-renderer": "^2.4.1",
        "typedoc": "^0.27.6",
        "typedoc-plugin-markdown": "^4.4.1",
        "zero-md": "^3.1.6"
      },
      "engines": {
        "node": ">=18.14"
      }
    }
  }
}
